
Microsoft Visual Studio Solution File, Format Version 12.00
# Visual Studio Version 17
VisualStudioVersion = 17.6.33801.468
MinimumVisualStudioVersion = 10.0.40219.1
Project("{2150E333-8FDC-42A3-9474-1A3956D46DE8}") = "BiblioICGO", "BiblioICGO", "{4544E976-4BAE-41EE-9A99-61C0F4FD542B}"
EndProject
Project("{2150E333-8FDC-42A3-9474-1A3956D46DE8}") = "ProjetICGO", "ProjetICGO", "{F0BAF7FF-EE09-4A72-9D58-0909DDB5CB5D}"
EndProject
Project("{2150E333-8FDC-42A3-9474-1A3956D46DE8}") = "BiblioICGODAO", "BiblioICGODAO", "{164A6EA8-FE37-4410-AE08-751DC806FE0A}"
EndProject
Project("{FAE04EC0-301F-11D3-BF4B-00C04F79EFBC}") = "BiblioICGO", "BiblioICGO\BiblioICGO\BiblioICGO.csproj", "{686C7F26-9C82-4F16-875B-BE6DD19EB97B}"
EndProject
Project("{FAE04EC0-301F-11D3-BF4B-00C04F79EFBC}") = "BiblioICGODAO", "BiblioICGODAO\BiblioICGODAO\BiblioICGODAO.csproj", "{EDF809DA-A5F1-4E6B-9243-BE7ED04AAB3A}"
EndProject
Project("{FAE04EC0-301F-11D3-BF4B-00C04F79EFBC}") = "ProjetICGO", "ProjetICGO\ProjetICGO\ProjetICGO.csproj", "{0B226918-8B2F-4017-9548-C06C8AF24CD3}"
EndProject
Project("{FAE04EC0-301F-11D3-BF4B-00C04F79EFBC}") = "TestInscriptionDAO", "BiblioICGODAO\TestInscriptionDAO\TestInscriptionDAO.csproj", "{D5776FB4-ED0A-4180-9841-3F6BF46DE213}"
EndProject
Project("{FAE04EC0-301F-11D3-BF4B-00C04F79EFBC}") = "TestModuleDAO", "BiblioICGODAO\TestModuleDAO\TestModuleDAO.csproj", "{F4680000-BB0E-4346-BDF5-C4F6D9AD1597}"
EndProject
Project("{FAE04EC0-301F-11D3-BF4B-00C04F79EFBC}") = "TestSessionDAO", "BiblioICGODAO\TestSessionDAO\TestSessionDAO.csproj", "{94C848D1-59FE-434A-B154-7A5275E788CD}"
EndProject
Global
	GlobalSection(SolutionConfigurationPlatforms) = preSolution
		Debug|Any CPU = Debug|Any CPU
		Debug|x86 = Debug|x86
		Release|Any CPU = Release|Any CPU
		Release|x86 = Release|x86
	EndGlobalSection
	GlobalSection(ProjectConfigurationPlatforms) = postSolution
		{686C7F26-9C82-4F16-875B-BE6DD19EB97B}.Debug|Any CPU.ActiveCfg = Debug|Any CPU
		{686C7F26-9C82-4F16-875B-BE6DD19EB97B}.Debug|Any CPU.Build.0 = Debug|Any CPU
		{686C7F26-9C82-4F16-875B-BE6DD19EB97B}.Debug|x86.ActiveCfg = Debug|Any CPU
		{686C7F26-9C82-4F16-875B-BE6DD19EB97B}.Debug|x86.Build.0 = Debug|Any CPU
		{686C7F26-9C82-4F16-875B-BE6DD19EB97B}.Release|Any CPU.ActiveCfg = Release|Any CPU
		{686C7F26-9C82-4F16-875B-BE6DD19EB97B}.Release|Any CPU.Build.0 = Release|Any CPU
		{686C7F26-9C82-4F16-875B-BE6DD19EB97B}.Release|x86.ActiveCfg = Release|Any CPU
		{686C7F26-9C82-4F16-875B-BE6DD19EB97B}.Release|x86.Build.0 = Release|Any CPU
		{EDF809DA-A5F1-4E6B-9243-BE7ED04AAB3A}.Debug|Any CPU.ActiveCfg = Debug|Any CPU
		{EDF809DA-A5F1-4E6B-9243-BE7ED04AAB3A}.Debug|Any CPU.Build.0 = Debug|Any CPU
		{EDF809DA-A5F1-4E6B-9243-BE7ED04AAB3A}.Debug|x86.ActiveCfg = Debug|Any CPU
		{EDF809DA-A5F1-4E6B-9243-BE7ED04AAB3A}.Debug|x86.Build.0 = Debug|Any CPU
		{EDF809DA-A5F1-4E6B-9243-BE7ED04AAB3A}.Release|Any CPU.ActiveCfg = Release|Any CPU
		{EDF809DA-A5F1-4E6B-9243-BE7ED04AAB3A}.Release|Any CPU.Build.0 = Release|Any CPU
		{EDF809DA-A5F1-4E6B-9243-BE7ED04AAB3A}.Release|x86.ActiveCfg = Release|Any CPU
		{EDF809DA-A5F1-4E6B-9243-BE7ED04AAB3A}.Release|x86.Build.0 = Release|Any CPU
		{0B226918-8B2F-4017-9548-C06C8AF24CD3}.Debug|Any CPU.ActiveCfg = Debug|x86
		{0B226918-8B2F-4017-9548-C06C8AF24CD3}.Debug|Any CPU.Build.0 = Debug|x86
		{0B226918-8B2F-4017-9548-C06C8AF24CD3}.Debug|x86.ActiveCfg = Debug|x86
		{0B226918-8B2F-4017-9548-C06C8AF24CD3}.Debug|x86.Build.0 = Debug|x86
		{0B226918-8B2F-4017-9548-C06C8AF24CD3}.Release|Any CPU.ActiveCfg = Release|x86
		{0B226918-8B2F-4017-9548-C06C8AF24CD3}.Release|Any CPU.Build.0 = Release|x86
		{0B226918-8B2F-4017-9548-C06C8AF24CD3}.Release|x86.ActiveCfg = Release|x86
		{0B226918-8B2F-4017-9548-C06C8AF24CD3}.Release|x86.Build.0 = Release|x86
		{D5776FB4-ED0A-4180-9841-3F6BF46DE213}.Debug|Any CPU.ActiveCfg = Debug|Any CPU
		{D5776FB4-ED0A-4180-9841-3F6BF46DE213}.Debug|Any CPU.Build.0 = Debug|Any CPU
		{D5776FB4-ED0A-4180-9841-3F6BF46DE213}.Debug|x86.ActiveCfg = Debug|Any CPU
		{D5776FB4-ED0A-4180-9841-3F6BF46DE213}.Debug|x86.Build.0 = Debug|Any CPU
		{D5776FB4-ED0A-4180-9841-3F6BF46DE213}.Release|Any CPU.ActiveCfg = Release|Any CPU
		{D5776FB4-ED0A-4180-9841-3F6BF46DE213}.Release|Any CPU.Build.0 = Release|Any CPU
		{D5776FB4-ED0A-4180-9841-3F6BF46DE213}.Release|x86.ActiveCfg = Release|Any CPU
		{D5776FB4-ED0A-4180-9841-3F6BF46DE213}.Release|x86.Build.0 = Release|Any CPU
		{F4680000-BB0E-4346-BDF5-C4F6D9AD1597}.Debug|Any CPU.ActiveCfg = Debug|Any CPU
		{F4680000-BB0E-4346-BDF5-C4F6D9AD1597}.Debug|Any CPU.Build.0 = Debug|Any CPU
		{F4680000-BB0E-4346-BDF5-C4F6D9AD1597}.Debug|x86.ActiveCfg = Debug|Any CPU
		{F4680000-BB0E-4346-BDF5-C4F6D9AD1597}.Debug|x86.Build.0 = Debug|Any CPU
		{F4680000-BB0E-4346-BDF5-C4F6D9AD1597}.Release|Any CPU.ActiveCfg = Release|Any CPU
		{F4680000-BB0E-4346-BDF5-C4F6D9AD1597}.Release|Any CPU.Build.0 = Release|Any CPU
		{F4680000-BB0E-4346-BDF5-C4F6D9AD1597}.Release|x86.ActiveCfg = Release|Any CPU
		{F4680000-BB0E-4346-BDF5-C4F6D9AD1597}.Release|x86.Build.0 = Release|Any CPU
		{94C848D1-59FE-434A-B154-7A5275E788CD}.Debug|Any CPU.ActiveCfg = Debug|Any CPU
		{94C848D1-59FE-434A-B154-7A5275E788CD}.Debug|Any CPU.Build.0 = Debug|Any CPU
		{94C848D1-59FE-434A-B154-7A5275E788CD}.Debug|x86.ActiveCfg = Debug|Any CPU
		{94C848D1-59FE-434A-B154-7A5275E788CD}.Debug|x86.Build.0 = Debug|Any CPU
		{94C848D1-59FE-434A-B154-7A5275E788CD}.Release|Any CPU.ActiveCfg = Release|Any CPU
		{94C848D1-59FE-434A-B154-7A5275E788CD}.Release|Any CPU.Build.0 = Release|Any CPU
		{94C848D1-59FE-434A-B154-7A5275E788CD}.Release|x86.ActiveCfg = Release|Any CPU
		{94C848D1-59FE-434A-B154-7A5275E788CD}.Release|x86.Build.0 = Release|Any CPU
	EndGlobalSection
	GlobalSection(SolutionProperties) = preSolution
		HideSolutionNode = FALSE
	EndGlobalSection
	GlobalSection(NestedProjects) = preSolution
		{686C7F26-9C82-4F16-875B-BE6DD19EB97B} = {4544E976-4BAE-41EE-9A99-61C0F4FD542B}
		{EDF809DA-A5F1-4E6B-9243-BE7ED04AAB3A} = {164A6EA8-FE37-4410-AE08-751DC806FE0A}
		{0B226918-8B2F-4017-9548-C06C8AF24CD3} = {F0BAF7FF-EE09-4A72-9D58-0909DDB5CB5D}
		{D5776FB4-ED0A-4180-9841-3F6BF46DE213} = {164A6EA8-FE37-4410-AE08-751DC806FE0A}
		{F4680000-BB0E-4346-BDF5-C4F6D9AD1597} = {164A6EA8-FE37-4410-AE08-751DC806FE0A}
		{94C848D1-59FE-434A-B154-7A5275E788CD} = {164A6EA8-FE37-4410-AE08-751DC806FE0A}
	EndGlobalSection
	GlobalSection(ExtensibilityGlobals) = postSolution
		SolutionGuid = {34585600-5416-4FBC-BE9B-193D50284EB0}
	EndGlobalSection
EndGlobal
