
Microsoft Visual Studio Solution File, Format Version 11.00
# Visual Studio 2010
Project("{FAE04EC0-301F-11D3-BF4B-00C04F79EFBC}") = "ProjetICGO", "ProjetICGO\ProjetICGO.csproj", "{0B226918-8B2F-4017-9548-C06C8AF24CD3}"
EndProject
Global
	GlobalSection(SolutionConfigurationPlatforms) = preSolution
		Debug|x86 = Debug|x86
		Release|x86 = Release|x86
	EndGlobalSection
	GlobalSection(ProjectConfigurationPlatforms) = postSolution
		{0B226918-8B2F-4017-9548-C06C8AF24CD3}.Debug|x86.ActiveCfg = Debug|x86
		{0B226918-8B2F-4017-9548-C06C8AF24CD3}.Debug|x86.Build.0 = Debug|x86
		{0B226918-8B2F-4017-9548-C06C8AF24CD3}.Release|x86.ActiveCfg = Release|x86
		{0B226918-8B2F-4017-9548-C06C8AF24CD3}.Release|x86.Build.0 = Release|x86
	EndGlobalSection
	GlobalSection(SolutionProperties) = preSolution
		HideSolutionNode = FALSE
	EndGlobalSection
EndGlobal
